
Microsoft Visual Studio Solution File, Format Version 12.00
# Visual Studio Version 16
VisualStudioVersion = 16.0.30330.147
MinimumVisualStudioVersion = 10.0.40219.1
Project("{8BC9CEB8-8B4A-11D0-8D11-00A0C91BC942}") = "Programming 2.3", "Programming 2.3\Programming 2.3.vcxproj", "{371927D4-B770-4C70-B083-6BB727FAD44F}"
EndProject
Global
	GlobalSection(SolutionConfigurationPlatforms) = preSolution
		Debug|x64 = Debug|x64
		Debug|x86 = Debug|x86
		Release|x64 = Release|x64
		Release|x86 = Release|x86
	EndGlobalSection
	GlobalSection(ProjectConfigurationPlatforms) = postSolution
		{371927D4-B770-4C70-B083-6BB727FAD44F}.Debug|x64.ActiveCfg = Debug|x64
		{371927D4-B770-4C70-B083-6BB727FAD44F}.Debug|x64.Build.0 = Debug|x64
		{371927D4-B770-4C70-B083-6BB727FAD44F}.Debug|x86.ActiveCfg = Debug|Win32
		{371927D4-B770-4C70-B083-6BB727FAD44F}.Debug|x86.Build.0 = Debug|Win32
		{371927D4-B770-4C70-B083-6BB727FAD44F}.Release|x64.ActiveCfg = Release|x64
		{371927D4-B770-4C70-B083-6BB727FAD44F}.Release|x64.Build.0 = Release|x64
		{371927D4-B770-4C70-B083-6BB727FAD44F}.Release|x86.ActiveCfg = Release|Win32
		{371927D4-B770-4C70-B083-6BB727FAD44F}.Release|x86.Build.0 = Release|Win32
	EndGlobalSection
	GlobalSection(SolutionProperties) = preSolution
		HideSolutionNode = FALSE
	EndGlobalSection
	GlobalSection(ExtensibilityGlobals) = postSolution
		SolutionGuid = {EB79D6DA-8D16-4047-A7ED-3E3DA232EBF9}
	EndGlobalSection
EndGlobal
